
Microsoft Visual Studio Solution File, Format Version 12.00
# Visual Studio 15
VisualStudioVersion = 15.0.28307.539
MinimumVisualStudioVersion = 10.0.40219.1
Project("{FAE04EC0-301F-11D3-BF4B-00C04F79EFBC}") = "Borrows", "Borrows\Borrows.csproj", "{379EDFAE-5797-4990-B905-808078FB42CB}"
EndProject
Global
	GlobalSection(SolutionConfigurationPlatforms) = preSolution
		Debug|Any CPU = Debug|Any CPU
		Release|Any CPU = Release|Any CPU
	EndGlobalSection
	GlobalSection(ProjectConfigurationPlatforms) = postSolution
		{379EDFAE-5797-4990-B905-808078FB42CB}.Debug|Any CPU.ActiveCfg = Debug|Any CPU
		{379EDFAE-5797-4990-B905-808078FB42CB}.Debug|Any CPU.Build.0 = Debug|Any CPU
		{379EDFAE-5797-4990-B905-808078FB42CB}.Release|Any CPU.ActiveCfg = Release|Any CPU
		{379EDFAE-5797-4990-B905-808078FB42CB}.Release|Any CPU.Build.0 = Release|Any CPU
	EndGlobalSection
	GlobalSection(SolutionProperties) = preSolution
		HideSolutionNode = FALSE
	EndGlobalSection
	GlobalSection(ExtensibilityGlobals) = postSolution
		SolutionGuid = {8208038E-B5CD-41CB-AEA0-95A29FC01642}
	EndGlobalSection
EndGlobal
